{
    "_meta": {
        "hash": {
            "sha256": "8f1a3c5a1fde862579bb1967adc3d34ec57c363d0e3901cc750f6079f45a778a"
        },
        "pipfile-spec": 6,
        "requires": {
            "python_version": "3.6"
        },
        "sources": [
            {
                "name": "pypi",
                "url": "https://pypi.org/simple",
                "verify_ssl": true
            }
        ]
    },
    "default": {
        "appdirs": {
            "hashes": [
                "sha256:9e5896d1372858f8dd3344faf4e5014d21849c756c8d5701f78f8a103b372d92",
                "sha256:d8b24664561d0d34ddfaec54636d502d7cea6e29c3eaf68f3df6180863e2166e"
            ],
            "index": "pypi",
            "version": "==1.4.3"
        },
        "lxml": {
            "hashes": [
                "sha256:02bc220d61f46e9b9d5a53c361ef95e9f5e1d27171cd461dddb17677ae2289a5",
                "sha256:22f253b542a342755f6cfc047fe4d3a296515cf9b542bc6e261af45a80b8caf6",
                "sha256:2f31145c7ff665b330919bfa44aacd3a0211a76ca7e7b441039d2a0b0451e415",
                "sha256:36720698c29e7a9626a0dc802ef8885f8f0239bfd1689628ecd459a061f2807f",
                "sha256:438a1b0203545521f6616132bfe0f4bca86f8a401364008b30e2b26ec408ce85",
                "sha256:4815892904c336bbaf73dafd54f45f69f4021c22b5bad7332176bbf4fb830568",
                "sha256:5be031b0f15ad63910d8e5038b489d95a79929513b3634ad4babf77100602588",
                "sha256:5c93ae37c3c588e829b037fdfbd64a6e40c901d3f93f7beed6d724c44829a3ad",
                "sha256:60842230678674cdac4a1cf0f707ef12d75b9a4fc4a565add4f710b5fcf185d5",
                "sha256:62939a8bb6758d1bf923aa1c13f0bcfa9bf5b2fc0f5fa917a6e25db5fe0cfa4e",
                "sha256:75830c06a62fe7b8fe3bbb5f269f0b308f19f3949ac81cfd40062f47c1455faf",
                "sha256:81992565b74332c7c1aff6a913a3e906771aa81c9d0c68c68113cffcae45bc53",
                "sha256:8c892fb0ee52c594d9a7751c7d7356056a9682674b92cc1c4dc968ff0f30c52f",
                "sha256:9d862e3cf4fc1f2837dedce9c42269c8c76d027e49820a548ac89fdcee1e361f",
                "sha256:a623965c086a6e91bb703d4da62dabe59fe88888e82c4117d544e11fd74835d6",
                "sha256:a7783ab7f6a508b0510490cef9f857b763d796ba7476d9703f89722928d1e113",
                "sha256:aab09fbe8abfa3b9ce62aaf45aca2d28726b1b9ee44871dbe644050a2fff4940",
                "sha256:abf181934ac3ef193832fb973fd7f6149b5c531903c2ec0f1220941d73eee601",
                "sha256:ae07fa0c115733fce1e9da96a3ac3fa24801742ca17e917e0c79d63a01eeb843",
                "sha256:b9c78242219f674ab645ec571c9a95d70f381319a23911941cd2358a8e0521cf",
                "sha256:bccb267678b870d9782c3b44d0cefe3ba0e329f9af8c946d32bf3778e7a4f271",
                "sha256:c4df4d27f4c93b2cef74579f00b1d3a31a929c7d8023f870c4b476f03a274db4",
                "sha256:caf0e50b546bb60dfa99bb18dfa6748458a83131ecdceaf5c071d74907e7e78a",
                "sha256:d3266bd3ac59ac4edcd5fa75165dee80b94a3e5c91049df5f7c057ccf097551c",
                "sha256:db0d213987bcd4e6d41710fb4532b22315b0d8fb439ff901782234456556aed1",
                "sha256:dbbd5cf7690a40a9f0a9325ab480d0fccf46d16b378eefc08e195d84299bfae1",
                "sha256:e16e07a0ec3a75b5ee61f2b1003c35696738f937dc8148fbda9fe2147ccb6e61",
                "sha256:e175a006725c7faadbe69e791877d09936c0ef2cf49d01b60a6c1efcb0e8be6f",
                "sha256:edd9c13a97f6550f9da2236126bb51c092b3b1ce6187f2bd966533ad794bbb5e",
                "sha256:fa39ea60d527fbdd94215b5e5552f1c6a912624521093f1384a491a8ad89ad8b"
            ],
            "index": "pypi",
            "version": "==4.2.5"
        },
        "numpy": {
            "hashes": [
                "sha256:0df89ca13c25eaa1621a3f09af4c8ba20da849692dcae184cb55e80952c453fb",
                "sha256:154c35f195fd3e1fad2569930ca51907057ae35e03938f89a8aedae91dd1b7c7",
                "sha256:18e84323cdb8de3325e741a7a8dd4a82db74fde363dce32b625324c7b32aa6d7",
                "sha256:1e8956c37fc138d65ded2d96ab3949bd49038cc6e8a4494b1515b0ba88c91565",
                "sha256:23557bdbca3ccbde3abaa12a6e82299bc92d2b9139011f8c16ca1bb8c75d1e95",
                "sha256:24fd645a5e5d224aa6e39d93e4a722fafa9160154f296fd5ef9580191c755053",
                "sha256:36e36b6868e4440760d4b9b44587ea1dc1f06532858d10abba98e851e154ca70",
                "sha256:3d734559db35aa3697dadcea492a423118c5c55d176da2f3be9c98d4803fc2a7",
                "sha256:416a2070acf3a2b5d586f9a6507bb97e33574df5bd7508ea970bbf4fc563fa52",
                "sha256:4a22dc3f5221a644dfe4a63bf990052cc674ef12a157b1056969079985c92816",
                "sha256:4d8d3e5aa6087490912c14a3c10fbdd380b40b421c13920ff468163bc50e016f",
                "sha256:4f41fd159fba1245e1958a99d349df49c616b133636e0cf668f169bce2aeac2d",
                "sha256:561ef098c50f91fbac2cc9305b68c915e9eb915a74d9038ecf8af274d748f76f",
                "sha256:56994e14b386b5c0a9b875a76d22d707b315fa037affc7819cda08b6d0489756",
                "sha256:73a1f2a529604c50c262179fcca59c87a05ff4614fe8a15c186934d84d09d9a5",
                "sha256:7da99445fd890206bfcc7419f79871ba8e73d9d9e6b82fe09980bc5bb4efc35f",
                "sha256:99d59e0bcadac4aa3280616591fb7bcd560e2218f5e31d5223a2e12a1425d495",
                "sha256:a4cc09489843c70b22e8373ca3dfa52b3fab778b57cf81462f1203b0852e95e3",
                "sha256:a61dc29cfca9831a03442a21d4b5fd77e3067beca4b5f81f1a89a04a71cf93fa",
                "sha256:b1853df739b32fa913cc59ad9137caa9cc3d97ff871e2bbd89c2a2a1d4a69451",
                "sha256:b1f44c335532c0581b77491b7715a871d0dd72e97487ac0f57337ccf3ab3469b",
                "sha256:b261e0cb0d6faa8fd6863af26d30351fd2ffdb15b82e51e81e96b9e9e2e7ba16",
                "sha256:c857ae5dba375ea26a6228f98c195fec0898a0fd91bcf0e8a0cae6d9faf3eca7",
                "sha256:cf5bb4a7d53a71bb6a0144d31df784a973b36d8687d615ef6a7e9b1809917a9b",
                "sha256:db9814ff0457b46f2e1d494c1efa4111ca089e08c8b983635ebffb9c1573361f",
                "sha256:df04f4bad8a359daa2ff74f8108ea051670cafbca533bb2636c58b16e962989e",
                "sha256:ecf81720934a0e18526177e645cbd6a8a21bb0ddc887ff9738de07a1df5c6b61",
                "sha256:edfa6fba9157e0e3be0f40168eb142511012683ac3dc82420bee4a3f3981b30e"
            ],
            "version": "==1.15.4"
        },
        "pillow": {
            "hashes": [
                "sha256:1a45bd9bb5203c83ebd0378e9e30a5b12395cc2b2adcc459e713324660aefc3d",
                "sha256:2cd0099e2baaafb9b30d94920aca470c6e51897930bacae29f3e7e0c9104b0b9",
                "sha256:68c02e7f6c03a7cd203ff26067ad44f070ff69849bc075c89fbc72f36cf84a4d",
                "sha256:9adfd3e87beacd472afdadc840f9b0dc3a71cc62d127c900ae293aa0126c7f8c",
                "sha256:9e1d97d03d5248c7f80ebbb8e4a89764bb9c2ebadfc3ffd90d0b923b228f7963",
                "sha256:a8440145d6e08db16f2a03b134b057c4524809e18a06cc8fe0e5e885dc4d8969",
                "sha256:c81e4a676ca686ff1f04a6fefde5d9c753dfccce6fc8794b390a779b1039caae",
                "sha256:df8bd5392b194d283ac5c45524b917c2209c4f5f1afa6897317ec038775c39bb",
                "sha256:f4fd8ad3671aeb3a1ebdb8ac88cce84385c2b99daff190faf0373304436a32de"
            ],
            "index": "pypi",
            "version": "==2.2.1"
        },
        "pyqt5": {
            "hashes": [
                "sha256:517e4339135c4874b799af0d484bc2e8c27b54850113a68eec40a0b56534f450",
                "sha256:ac1eb5a114b6e7788e8be378be41c5e54b17d5158994504e85e43b5fca006a39",
                "sha256:d2309296a5a79d0a1c0e6c387c30f0398b65523a6dcc8a19cc172e46b949e00d",
                "sha256:e85936bae1581bcb908847d2038e5b34237a5e6acc03130099a78930770e7ead"
            ],
            "index": "pypi",
            "version": "==5.11.3"
        },
        "pyqt5-sip": {
            "hashes": [
                "sha256:125f77c087572c9272219cda030a63c2f996b8507592b2a54d7ef9b75f9f054d",
                "sha256:14c37b06e3fb7c2234cb208fa461ec4e62b4ba6d8b32ca3753c0b2cfd61b00e3",
                "sha256:1cb2cf52979f9085fc0eab7e0b2438eb4430d4aea8edec89762527e17317175b",
                "sha256:4babef08bccbf223ec34464e1ed0a23caeaeea390ca9a3529227d9a57f0d6ee4",
                "sha256:53cb9c1208511cda0b9ed11cffee992a5a2f5d96eb88722569b2ce65ecf6b960",
                "sha256:549449d9461d6c665cbe8af4a3808805c5e6e037cd2ce4fd93308d44a049bfac",
                "sha256:5f5b3089b200ff33de3f636b398e7199b57a6b5c1bb724bdb884580a072a14b5",
                "sha256:a4d9bf6e1fa2dd6e73f1873f1a47cee11a6ba0cf9ba8cf7002b28c76823600d0",
                "sha256:a4ee6026216f1fbe25c8847f9e0fbce907df5b908f84816e21af16ec7666e6fe",
                "sha256:a91a308a5e0cc99de1e97afd8f09f46dd7ca20cfaa5890ef254113eebaa1adff",
                "sha256:b0342540da479d2713edc68fb21f307473f68da896ad5c04215dae97630e0069",
                "sha256:f997e21b4e26a3397cb7b255b8d1db5b9772c8e0c94b6d870a5a0ab5c27eacaa"
            ],
            "version": "==4.19.13"
        },
        "pyqtgraph": {
            "hashes": [
                "sha256:4c08ab34881fae5ecf9ddfe6c1220b9e41e6d3eb1579a7d8ef501abb8e509251"
            ],
            "index": "pypi",
            "version": "==0.10.0"
        },
        "pyyaml": {
            "hashes": [
                "sha256:3d7da3009c0f3e783b2c873687652d83b1bbfd5c88e9813fb7e5b03c0dd3108b",
                "sha256:3ef3092145e9b70e3ddd2c7ad59bdd0252a94dfe3949721633e41344de00a6bf",
                "sha256:40c71b8e076d0550b2e6380bada1f1cd1017b882f7e16f09a65be98e017f211a",
                "sha256:558dd60b890ba8fd982e05941927a3911dc409a63dcb8b634feaa0cda69330d3",
                "sha256:a7c28b45d9f99102fa092bb213aa12e0aaf9a6a1f5e395d36166639c1f96c3a1",
                "sha256:aa7dd4a6a427aed7df6fb7f08a580d68d9b118d90310374716ae90b710280af1",
                "sha256:bc558586e6045763782014934bfaf39d48b8ae85a2713117d16c39864085c613",
                "sha256:d46d7982b62e0729ad0175a9bc7e10a566fc07b224d2c79fafb5e032727eaa04",
                "sha256:d5eef459e30b09f5a098b9cea68bebfeb268697f78d647bd255a085371ac7f3f",
                "sha256:e01d3203230e1786cd91ccfdc8f8454c8069c91bee3962ad93b87a4b2860f537",
                "sha256:e170a9e6fcfd19021dd29845af83bb79236068bf5fd4df3327c1be18182b2531"
            ],
            "index": "pypi",
            "version": "==3.13"
        },
        "scipy": {
            "hashes": [
                "sha256:0611ee97296265af4a21164a5323f8c1b4e8e15c582d3dfa7610825900136bb7",
                "sha256:08237eda23fd8e4e54838258b124f1cd141379a5f281b0a234ca99b38918c07a",
                "sha256:0e645dbfc03f279e1946cf07c9c754c2a1859cb4a41c5f70b25f6b3a586b6dbd",
                "sha256:0e9bb7efe5f051ea7212555b290e784b82f21ffd0f655405ac4f87e288b730b3",
                "sha256:108c16640849e5827e7d51023efb3bd79244098c3f21e4897a1007720cb7ce37",
                "sha256:340ef70f5b0f4e2b4b43c8c8061165911bc6b2ad16f8de85d9774545e2c47463",
                "sha256:3ad73dfc6f82e494195144bd3a129c7241e761179b7cb5c07b9a0ede99c686f3",
                "sha256:3b243c77a822cd034dad53058d7c2abf80062aa6f4a32e9799c95d6391558631",
                "sha256:404a00314e85eca9d46b80929571b938e97a143b4f2ddc2b2b3c91a4c4ead9c5",
                "sha256:423b3ff76957d29d1cce1bc0d62ebaf9a3fdfaf62344e3fdec14619bb7b5ad3a",
                "sha256:42d9149a2fff7affdd352d157fa5717033767857c11bd55aa4a519a44343dfef",
                "sha256:625f25a6b7d795e8830cb70439453c9f163e6870e710ec99eba5722775b318f3",
                "sha256:698c6409da58686f2df3d6f815491fd5b4c2de6817a45379517c92366eea208f",
                "sha256:729f8f8363d32cebcb946de278324ab43d28096f36593be6281ca1ee86ce6559",
                "sha256:8190770146a4c8ed5d330d5b5ad1c76251c63349d25c96b3094875b930c44692",
                "sha256:878352408424dffaa695ffedf2f9f92844e116686923ed9aa8626fc30d32cfd1",
                "sha256:8b984f0821577d889f3c7ca8445564175fb4ac7c7f9659b7c60bef95b2b70e76",
                "sha256:8f841bbc21d3dad2111a94c490fb0a591b8612ffea86b8e5571746ae76a3deac",
                "sha256:c22b27371b3866c92796e5d7907e914f0e58a36d3222c5d436ddd3f0e354227a",
                "sha256:d0cdd5658b49a722783b8b4f61a6f1f9c75042d0e29a30ccb6cacc9b25f6d9e2",
                "sha256:d40dc7f494b06dcee0d303e51a00451b2da6119acbeaccf8369f2d29e28917ac",
                "sha256:d8491d4784aceb1f100ddb8e31239c54e4afab8d607928a9f7ef2469ec35ae01",
                "sha256:dfc5080c38dde3f43d8fbb9c0539a7839683475226cf83e4b24363b227dfe552",
                "sha256:e24e22c8d98d3c704bb3410bce9b69e122a8de487ad3dbfe9985d154e5c03a40",
                "sha256:e7a01e53163818d56eabddcafdc2090e9daba178aad05516b20c6591c4811020",
                "sha256:ee677635393414930541a096fc8e61634304bb0153e4e02b75685b11eba14cae",
                "sha256:f0521af1b722265d824d6ad055acfe9bd3341765735c44b5a4d0069e189a0f40",
                "sha256:f25c281f12c0da726c6ed00535ca5d1622ec755c30a3f8eafef26cf43fede694"
            ],
            "index": "pypi",
            "version": "==1.1.0"
        },
        "simpleitk": {
            "hashes": [
                "sha256:028414d57623c87071f8033a307812acf882f18bc0cbcbe0d16b7684d0c99950",
                "sha256:1099c8d63cf19aa5a70b84aff1639a36595b57cd24a74bb93001ef4207aecec0",
                "sha256:24c2f7849c34edef499991cd6fb1b7eec49111693add4790e1f88908c1a08cf0",
                "sha256:25c294bc0f78e9b53acd1d25b7cf946c5c98b5f010b3a98bf827ecdb38ace01b",
                "sha256:373ce48f0a54462ca7003dfdd2bab0a014ecfa9bcc1539bdfa71503f2715c456",
                "sha256:648d4e4d2a0bc079e70ced44038a506ebe508635db4321eb15abe3206cc7b061",
                "sha256:700ae13725aec1b9447127fa4502304c1c6123545cd1a48319eab22c6b6784ee",
                "sha256:7b83a411b5e875a36f5877354e428c0cf7aef1d8e3c32f365b92e870f2a232d5",
                "sha256:7bb4bd992eda5bcecf72dc967608fbb70c10b495abc5888c13c84bb4b73e402c",
                "sha256:8a02aef362279fbd110d83762389192fac83b02e2fff71fe50ede446c39b9662",
                "sha256:9054cf2971d8943434679847283be9e6046ac6b68d8ea57a12531abbe4a3dcc4",
                "sha256:9077301b0a91d93613588201e03de70b00736f97c542d0a04527ef8f1c78a53a",
                "sha256:98a24d2ff2f410aef5944ed40505248f26450c9ffc9d1e63b4ba9a2f973aaf32",
                "sha256:a2c190993b737530e02f648ed8c188aa474c0579749dbbbb74997385daa69eb9",
                "sha256:a6b83a44eb25bec3ae9e000ab57938ca09a8ef640e954c95406a63893b70eeb4",
                "sha256:ac9b31f010fcfea0db9867ea295f9d0c8067c8f8dda457086aecda9def1dcb34",
                "sha256:b5b0ba397b29c0a7a6532e10cdeed68b04f21f941a9d2875a65aa4429ff00e4c",
                "sha256:b8a57539efb1ba2e2cdf94fbed4a1b92403d04d7fb0d6a63e1d555da1e9c7010",
                "sha256:d198f718148337c7459afaecefd6df8d85e2b8395a7fe67b55d8a3b08f04c2c1",
                "sha256:dd63c58a931f065fc836638cd2e2474ee3eab0bcf6e581413d9d25df1dc58a72",
                "sha256:e344493f43b8ea8dc7d9c73f6f4b4e895ad7fbcda33c540fb913103b15579df0",
                "sha256:e76f8bdef6e817d726177caaca156a4e95720d59b6e27967149dbcbb77bcfde3",
                "sha256:eaf318c4542702fd9c0746a4c32ab4eb677c5acefc7f376630f778ded1833b91",
                "sha256:ed06c8c40a3f1ad4d06f20e7b5bd0b7eea0fbb1ef03c228c124242b2992e3531",
                "sha256:f600d33621e2b477e6c2bafc832189315e551c8c1c7d90e5724bf774d36a87eb",
                "sha256:f6ceb94c2d739f4fab706185bfbe89caff3f35ae19f9606aebbe6365b35dbcc5",
                "sha256:fb69c3a8a65e9d40552083d2929e7f84094e740012c0b7fb227af4fe3f6e9a6f"
            ],
            "index": "pypi",
            "version": "==1.1.0"
        }
    },
    "develop": {}
}
